{
  "version": 4,
  "terraform_version": "1.9.4",
  "serial": 45,
  "lineage": "61ab4b74-1e55-a01c-f9fe-9e139ece86d6",
  "outputs": {},
  "resources": [
    {
      "module": "module.rgs[\"hub\"]",
      "mode": "managed",
      "type": "azurerm_resource_group",
      "name": "master",
      "provider": "provider[\"registry.terraform.io/hashicorp/azurerm\"]",
      "instances": [
        {
          "schema_version": 0,
          "attributes": {
            "id": "/subscriptions/c5d35f87-827d-4224-85d9-a5fac1b90b9b/resourceGroups/rg_hub_gerry",
            "location": "eastus",
            "managed_by": "",
            "name": "rg_hub_gerry",
            "tags": {
              "CreatedOnDate": "2025-01-11T17:25:07.9103557Z",
              "archuuid": "00cc9898-37f0-4cc5-856b-a629f2294918",
              "env": "Test"
            },
            "timeouts": null
          },
          "sensitive_attributes": [],
          "private": "eyJlMmJmYjczMC1lY2FhLTExZTYtOGY4OC0zNDM2M2JjN2M0YzAiOnsiY3JlYXRlIjo1NDAwMDAwMDAwMDAwLCJkZWxldGUiOjU0MDAwMDAwMDAwMDAsInJlYWQiOjMwMDAwMDAwMDAwMCwidXBkYXRlIjo1NDAwMDAwMDAwMDAwfX0="
        }
      ]
    },
    {
      "module": "module.rgs[\"spoke\"]",
      "mode": "managed",
      "type": "azurerm_resource_group",
      "name": "master",
      "provider": "provider[\"registry.terraform.io/hashicorp/azurerm\"]",
      "instances": [
        {
          "schema_version": 0,
          "attributes": {
            "id": "/subscriptions/c5d35f87-827d-4224-85d9-a5fac1b90b9b/resourceGroups/rg_spoke_gerry",
            "location": "eastus",
            "managed_by": "",
            "name": "rg_spoke_gerry",
            "tags": {
              "CreatedOnDate": "2025-01-11T17:25:07.8168063Z",
              "archuuid": "00cc9898-37f0-4cc5-856b-a629f2294918",
              "env": "Test"
            },
            "timeouts": null
          },
          "sensitive_attributes": [],
          "private": "eyJlMmJmYjczMC1lY2FhLTExZTYtOGY4OC0zNDM2M2JjN2M0YzAiOnsiY3JlYXRlIjo1NDAwMDAwMDAwMDAwLCJkZWxldGUiOjU0MDAwMDAwMDAwMDAsInJlYWQiOjMwMDAwMDAwMDAwMCwidXBkYXRlIjo1NDAwMDAwMDAwMDAwfX0="
        }
      ]
    }
  ],
  "check_results": null
}
