{
  "version": 4,
  "terraform_version": "1.9.4",
  "serial": 118,
  "lineage": "61ab4b74-1e55-a01c-f9fe-9e139ece86d6",
  "outputs": {
    "hubvnetid": {
      "value": "/subscriptions/c5d35f87-827d-4224-85d9-a5fac1b90b9b/resourceGroups/rg_hub_gerry/providers/Microsoft.Network/virtualNetworks/vnet_hub",
      "type": "string"
    },
    "subnetids": {
      "value": {
        "hub": {
          "azurefirewallsubnet": "/subscriptions/c5d35f87-827d-4224-85d9-a5fac1b90b9b/resourceGroups/rg_hub_gerry/providers/Microsoft.Network/virtualNetworks/vnet_hub/subnets/azurefirewallsubnet",
          "gatewaysubnet": "/subscriptions/c5d35f87-827d-4224-85d9-a5fac1b90b9b/resourceGroups/rg_hub_gerry/providers/Microsoft.Network/virtualNetworks/vnet_hub/subnets/gatewaysubnet",
          "jumphostsubnet": "/subscriptions/c5d35f87-827d-4224-85d9-a5fac1b90b9b/resourceGroups/rg_hub_gerry/providers/Microsoft.Network/virtualNetworks/vnet_hub/subnets/jumphostsubnet"
        },
        "spoke": {
          "aksclustersubnet": "/subscriptions/c5d35f87-827d-4224-85d9-a5fac1b90b9b/resourceGroups/rg_spoke_gerry/providers/Microsoft.Network/virtualNetworks/vnet_spoke/subnets/aksclustersubnet",
          "appgatewaysubnet": "/subscriptions/c5d35f87-827d-4224-85d9-a5fac1b90b9b/resourceGroups/rg_spoke_gerry/providers/Microsoft.Network/virtualNetworks/vnet_spoke/subnets/appgatewaysubnet",
          "keyvaultsubnet": "/subscriptions/c5d35f87-827d-4224-85d9-a5fac1b90b9b/resourceGroups/rg_spoke_gerry/providers/Microsoft.Network/virtualNetworks/vnet_spoke/subnets/keyvaultsubnet",
          "snet-mysql": "/subscriptions/c5d35f87-827d-4224-85d9-a5fac1b90b9b/resourceGroups/rg_spoke_gerry/providers/Microsoft.Network/virtualNetworks/vnet_spoke/subnets/snet-mysql"
        },
        "spoke2": {}
      },
      "type": [
        "object",
        {
          "hub": [
            "object",
            {
              "azurefirewallsubnet": "string",
              "gatewaysubnet": "string",
              "jumphostsubnet": "string"
            }
          ],
          "spoke": [
            "object",
            {
              "aksclustersubnet": "string",
              "appgatewaysubnet": "string",
              "keyvaultsubnet": "string",
              "snet-mysql": "string"
            }
          ],
          "spoke2": [
            "object",
            {}
          ]
        }
      ]
    }
  },
  "resources": [
    {
      "module": "module.rgs[\"hub\"]",
      "mode": "managed",
      "type": "azurerm_resource_group",
      "name": "master",
      "provider": "provider[\"registry.terraform.io/hashicorp/azurerm\"]",
      "instances": [
        {
          "schema_version": 0,
          "attributes": {
            "id": "/subscriptions/c5d35f87-827d-4224-85d9-a5fac1b90b9b/resourceGroups/rg_hub_gerry",
            "location": "eastus",
            "managed_by": "",
            "name": "rg_hub_gerry",
            "tags": {
              "CreatedOnDate": "2025-01-18T19:45:40.6767720Z",
              "archuuid": "00cc9898-37f0-4cc5-856b-a629f2294918",
              "env": "Test"
            },
            "timeouts": null
          },
          "sensitive_attributes": [],
          "private": "eyJlMmJmYjczMC1lY2FhLTExZTYtOGY4OC0zNDM2M2JjN2M0YzAiOnsiY3JlYXRlIjo1NDAwMDAwMDAwMDAwLCJkZWxldGUiOjU0MDAwMDAwMDAwMDAsInJlYWQiOjMwMDAwMDAwMDAwMCwidXBkYXRlIjo1NDAwMDAwMDAwMDAwfX0="
        }
      ]
    },
    {
      "module": "module.rgs[\"spoke\"]",
      "mode": "managed",
      "type": "azurerm_resource_group",
      "name": "master",
      "provider": "provider[\"registry.terraform.io/hashicorp/azurerm\"]",
      "instances": [
        {
          "schema_version": 0,
          "attributes": {
            "id": "/subscriptions/c5d35f87-827d-4224-85d9-a5fac1b90b9b/resourceGroups/rg_spoke_gerry",
            "location": "eastus",
            "managed_by": "",
            "name": "rg_spoke_gerry",
            "tags": {
              "CreatedOnDate": "2025-01-18T19:45:40.7199157Z",
              "archuuid": "00cc9898-37f0-4cc5-856b-a629f2294918",
              "env": "Test"
            },
            "timeouts": null
          },
          "sensitive_attributes": [],
          "private": "eyJlMmJmYjczMC1lY2FhLTExZTYtOGY4OC0zNDM2M2JjN2M0YzAiOnsiY3JlYXRlIjo1NDAwMDAwMDAwMDAwLCJkZWxldGUiOjU0MDAwMDAwMDAwMDAsInJlYWQiOjMwMDAwMDAwMDAwMCwidXBkYXRlIjo1NDAwMDAwMDAwMDAwfX0="
        }
      ]
    },
    {
      "module": "module.rgs[\"spoke2\"]",
      "mode": "managed",
      "type": "azurerm_resource_group",
      "name": "master",
      "provider": "provider[\"registry.terraform.io/hashicorp/azurerm\"]",
      "instances": [
        {
          "schema_version": 0,
          "attributes": {
            "id": "/subscriptions/c5d35f87-827d-4224-85d9-a5fac1b90b9b/resourceGroups/rg_spoke2_gerry",
            "location": "eastus",
            "managed_by": "",
            "name": "rg_spoke2_gerry",
            "tags": {
              "CreatedOnDate": "2025-01-18T19:45:40.6252141Z",
              "archuuid": "00cc9898-37f0-4cc5-856b-a629f2294918",
              "env": "Test"
            },
            "timeouts": null
          },
          "sensitive_attributes": [],
          "private": "eyJlMmJmYjczMC1lY2FhLTExZTYtOGY4OC0zNDM2M2JjN2M0YzAiOnsiY3JlYXRlIjo1NDAwMDAwMDAwMDAwLCJkZWxldGUiOjU0MDAwMDAwMDAwMDAsInJlYWQiOjMwMDAwMDAwMDAwMCwidXBkYXRlIjo1NDAwMDAwMDAwMDAwfX0="
        }
      ]
    },
    {
      "module": "module.vnets[\"hub\"]",
      "mode": "managed",
      "type": "azurerm_subnet",
      "name": "master",
      "provider": "provider[\"registry.terraform.io/hashicorp/azurerm\"]",
      "instances": [
        {
          "index_key": "azurefirewallsubnet",
          "schema_version": 0,
          "attributes": {
            "address_prefixes": [
              "10.1.0.0/29"
            ],
            "default_outbound_access_enabled": true,
            "delegation": [],
            "id": "/subscriptions/c5d35f87-827d-4224-85d9-a5fac1b90b9b/resourceGroups/rg_hub_gerry/providers/Microsoft.Network/virtualNetworks/vnet_hub/subnets/azurefirewallsubnet",
            "name": "azurefirewallsubnet",
            "private_endpoint_network_policies": "Disabled",
            "private_link_service_network_policies_enabled": true,
            "resource_group_name": "rg_hub_gerry",
            "service_endpoint_policy_ids": [],
            "service_endpoints": [],
            "timeouts": null,
            "virtual_network_name": "vnet_hub"
          },
          "sensitive_attributes": [],
          "private": "eyJlMmJmYjczMC1lY2FhLTExZTYtOGY4OC0zNDM2M2JjN2M0YzAiOnsiY3JlYXRlIjoxODAwMDAwMDAwMDAwLCJkZWxldGUiOjE4MDAwMDAwMDAwMDAsInJlYWQiOjMwMDAwMDAwMDAwMCwidXBkYXRlIjoxODAwMDAwMDAwMDAwfX0=",
          "dependencies": [
            "module.vnets.azurerm_virtual_network.master"
          ]
        },
        {
          "index_key": "gatewaysubnet",
          "schema_version": 0,
          "attributes": {
            "address_prefixes": [
              "10.1.0.16/29"
            ],
            "default_outbound_access_enabled": true,
            "delegation": [],
            "id": "/subscriptions/c5d35f87-827d-4224-85d9-a5fac1b90b9b/resourceGroups/rg_hub_gerry/providers/Microsoft.Network/virtualNetworks/vnet_hub/subnets/gatewaysubnet",
            "name": "gatewaysubnet",
            "private_endpoint_network_policies": "Disabled",
            "private_link_service_network_policies_enabled": true,
            "resource_group_name": "rg_hub_gerry",
            "service_endpoint_policy_ids": [],
            "service_endpoints": [],
            "timeouts": null,
            "virtual_network_name": "vnet_hub"
          },
          "sensitive_attributes": [],
          "private": "eyJlMmJmYjczMC1lY2FhLTExZTYtOGY4OC0zNDM2M2JjN2M0YzAiOnsiY3JlYXRlIjoxODAwMDAwMDAwMDAwLCJkZWxldGUiOjE4MDAwMDAwMDAwMDAsInJlYWQiOjMwMDAwMDAwMDAwMCwidXBkYXRlIjoxODAwMDAwMDAwMDAwfX0=",
          "dependencies": [
            "module.vnets.azurerm_virtual_network.master"
          ]
        },
        {
          "index_key": "jumphostsubnet",
          "schema_version": 0,
          "attributes": {
            "address_prefixes": [
              "10.1.0.8/29"
            ],
            "default_outbound_access_enabled": true,
            "delegation": [],
            "id": "/subscriptions/c5d35f87-827d-4224-85d9-a5fac1b90b9b/resourceGroups/rg_hub_gerry/providers/Microsoft.Network/virtualNetworks/vnet_hub/subnets/jumphostsubnet",
            "name": "jumphostsubnet",
            "private_endpoint_network_policies": "Disabled",
            "private_link_service_network_policies_enabled": true,
            "resource_group_name": "rg_hub_gerry",
            "service_endpoint_policy_ids": [],
            "service_endpoints": [],
            "timeouts": null,
            "virtual_network_name": "vnet_hub"
          },
          "sensitive_attributes": [],
          "private": "eyJlMmJmYjczMC1lY2FhLTExZTYtOGY4OC0zNDM2M2JjN2M0YzAiOnsiY3JlYXRlIjoxODAwMDAwMDAwMDAwLCJkZWxldGUiOjE4MDAwMDAwMDAwMDAsInJlYWQiOjMwMDAwMDAwMDAwMCwidXBkYXRlIjoxODAwMDAwMDAwMDAwfX0=",
          "dependencies": [
            "module.vnets.azurerm_virtual_network.master"
          ]
        }
      ]
    },
    {
      "module": "module.vnets[\"hub\"]",
      "mode": "managed",
      "type": "azurerm_virtual_network",
      "name": "master",
      "provider": "provider[\"registry.terraform.io/hashicorp/azurerm\"]",
      "instances": [
        {
          "schema_version": 0,
          "attributes": {
            "address_space": [
              "10.1.0.0/24"
            ],
            "bgp_community": "",
            "ddos_protection_plan": [],
            "dns_servers": [],
            "edge_zone": "",
            "encryption": [],
            "flow_timeout_in_minutes": 0,
            "guid": "2b3ec883-97cf-498e-b10c-1b3cfca453df",
            "id": "/subscriptions/c5d35f87-827d-4224-85d9-a5fac1b90b9b/resourceGroups/rg_hub_gerry/providers/Microsoft.Network/virtualNetworks/vnet_hub",
            "location": "eastus",
            "name": "vnet_hub",
            "private_endpoint_vnet_policies": "Disabled",
            "resource_group_name": "rg_hub_gerry",
            "subnet": [
              {
                "address_prefixes": [
                  "10.1.0.0/29"
                ],
                "default_outbound_access_enabled": true,
                "delegation": [],
                "id": "/subscriptions/c5d35f87-827d-4224-85d9-a5fac1b90b9b/resourceGroups/rg_hub_gerry/providers/Microsoft.Network/virtualNetworks/vnet_hub/subnets/azurefirewallsubnet",
                "name": "azurefirewallsubnet",
                "private_endpoint_network_policies": "Disabled",
                "private_link_service_network_policies_enabled": true,
                "route_table_id": "",
                "security_group": "",
                "service_endpoint_policy_ids": [],
                "service_endpoints": []
              },
              {
                "address_prefixes": [
                  "10.1.0.16/29"
                ],
                "default_outbound_access_enabled": true,
                "delegation": [],
                "id": "/subscriptions/c5d35f87-827d-4224-85d9-a5fac1b90b9b/resourceGroups/rg_hub_gerry/providers/Microsoft.Network/virtualNetworks/vnet_hub/subnets/gatewaysubnet",
                "name": "gatewaysubnet",
                "private_endpoint_network_policies": "Disabled",
                "private_link_service_network_policies_enabled": true,
                "route_table_id": "",
                "security_group": "",
                "service_endpoint_policy_ids": [],
                "service_endpoints": []
              },
              {
                "address_prefixes": [
                  "10.1.0.8/29"
                ],
                "default_outbound_access_enabled": true,
                "delegation": [],
                "id": "/subscriptions/c5d35f87-827d-4224-85d9-a5fac1b90b9b/resourceGroups/rg_hub_gerry/providers/Microsoft.Network/virtualNetworks/vnet_hub/subnets/jumphostsubnet",
                "name": "jumphostsubnet",
                "private_endpoint_network_policies": "Disabled",
                "private_link_service_network_policies_enabled": true,
                "route_table_id": "",
                "security_group": "",
                "service_endpoint_policy_ids": [],
                "service_endpoints": []
              }
            ],
            "tags": {
              "CreatedOnDate": "2025-01-18T19:45:40.8810034Z",
              "LastUpdated": "2025-01-18T19:45:40.8810117Z",
              "archuuid": "00cc9898-37f0-4cc5-856b-a629f2294918",
              "env": "Test"
            },
            "timeouts": null
          },
          "sensitive_attributes": [],
          "private": "eyJlMmJmYjczMC1lY2FhLTExZTYtOGY4OC0zNDM2M2JjN2M0YzAiOnsiY3JlYXRlIjoxODAwMDAwMDAwMDAwLCJkZWxldGUiOjE4MDAwMDAwMDAwMDAsInJlYWQiOjMwMDAwMDAwMDAwMCwidXBkYXRlIjoxODAwMDAwMDAwMDAwfX0="
        }
      ]
    },
    {
      "module": "module.vnets[\"spoke\"]",
      "mode": "managed",
      "type": "azurerm_subnet",
      "name": "master",
      "provider": "provider[\"registry.terraform.io/hashicorp/azurerm\"]",
      "instances": [
        {
          "index_key": "aksclustersubnet",
          "schema_version": 0,
          "attributes": {
            "address_prefixes": [
              "10.2.0.16/28"
            ],
            "default_outbound_access_enabled": true,
            "delegation": [],
            "id": "/subscriptions/c5d35f87-827d-4224-85d9-a5fac1b90b9b/resourceGroups/rg_spoke_gerry/providers/Microsoft.Network/virtualNetworks/vnet_spoke/subnets/aksclustersubnet",
            "name": "aksclustersubnet",
            "private_endpoint_network_policies": "Disabled",
            "private_link_service_network_policies_enabled": true,
            "resource_group_name": "rg_spoke_gerry",
            "service_endpoint_policy_ids": [],
            "service_endpoints": [],
            "timeouts": null,
            "virtual_network_name": "vnet_spoke"
          },
          "sensitive_attributes": [],
          "private": "eyJlMmJmYjczMC1lY2FhLTExZTYtOGY4OC0zNDM2M2JjN2M0YzAiOnsiY3JlYXRlIjoxODAwMDAwMDAwMDAwLCJkZWxldGUiOjE4MDAwMDAwMDAwMDAsInJlYWQiOjMwMDAwMDAwMDAwMCwidXBkYXRlIjoxODAwMDAwMDAwMDAwfX0=",
          "dependencies": [
            "module.vnets.azurerm_virtual_network.master"
          ]
        },
        {
          "index_key": "appgatewaysubnet",
          "schema_version": 0,
          "attributes": {
            "address_prefixes": [
              "10.2.0.32/28"
            ],
            "default_outbound_access_enabled": true,
            "delegation": [],
            "id": "/subscriptions/c5d35f87-827d-4224-85d9-a5fac1b90b9b/resourceGroups/rg_spoke_gerry/providers/Microsoft.Network/virtualNetworks/vnet_spoke/subnets/appgatewaysubnet",
            "name": "appgatewaysubnet",
            "private_endpoint_network_policies": "Disabled",
            "private_link_service_network_policies_enabled": true,
            "resource_group_name": "rg_spoke_gerry",
            "service_endpoint_policy_ids": [],
            "service_endpoints": [],
            "timeouts": null,
            "virtual_network_name": "vnet_spoke"
          },
          "sensitive_attributes": [],
          "private": "eyJlMmJmYjczMC1lY2FhLTExZTYtOGY4OC0zNDM2M2JjN2M0YzAiOnsiY3JlYXRlIjoxODAwMDAwMDAwMDAwLCJkZWxldGUiOjE4MDAwMDAwMDAwMDAsInJlYWQiOjMwMDAwMDAwMDAwMCwidXBkYXRlIjoxODAwMDAwMDAwMDAwfX0=",
          "dependencies": [
            "module.vnets.azurerm_virtual_network.master"
          ]
        },
        {
          "index_key": "keyvaultsubnet",
          "schema_version": 0,
          "attributes": {
            "address_prefixes": [
              "10.2.0.8/29"
            ],
            "default_outbound_access_enabled": true,
            "delegation": [],
            "id": "/subscriptions/c5d35f87-827d-4224-85d9-a5fac1b90b9b/resourceGroups/rg_spoke_gerry/providers/Microsoft.Network/virtualNetworks/vnet_spoke/subnets/keyvaultsubnet",
            "name": "keyvaultsubnet",
            "private_endpoint_network_policies": "Disabled",
            "private_link_service_network_policies_enabled": true,
            "resource_group_name": "rg_spoke_gerry",
            "service_endpoint_policy_ids": [],
            "service_endpoints": [],
            "timeouts": null,
            "virtual_network_name": "vnet_spoke"
          },
          "sensitive_attributes": [],
          "private": "eyJlMmJmYjczMC1lY2FhLTExZTYtOGY4OC0zNDM2M2JjN2M0YzAiOnsiY3JlYXRlIjoxODAwMDAwMDAwMDAwLCJkZWxldGUiOjE4MDAwMDAwMDAwMDAsInJlYWQiOjMwMDAwMDAwMDAwMCwidXBkYXRlIjoxODAwMDAwMDAwMDAwfX0=",
          "dependencies": [
            "module.vnets.azurerm_virtual_network.master"
          ]
        },
        {
          "index_key": "snet-mysql",
          "schema_version": 0,
          "attributes": {
            "address_prefixes": [
              "10.2.0.0/29"
            ],
            "default_outbound_access_enabled": true,
            "delegation": [
              {
                "name": "delegation",
                "service_delegation": [
                  {
                    "actions": [],
                    "name": "Microsoft.DBforMySQL/flexibleServers"
                  }
                ]
              }
            ],
            "id": "/subscriptions/c5d35f87-827d-4224-85d9-a5fac1b90b9b/resourceGroups/rg_spoke_gerry/providers/Microsoft.Network/virtualNetworks/vnet_spoke/subnets/snet-mysql",
            "name": "snet-mysql",
            "private_endpoint_network_policies": "Disabled",
            "private_link_service_network_policies_enabled": true,
            "resource_group_name": "rg_spoke_gerry",
            "service_endpoint_policy_ids": [],
            "service_endpoints": [],
            "timeouts": null,
            "virtual_network_name": "vnet_spoke"
          },
          "sensitive_attributes": [],
          "private": "eyJlMmJmYjczMC1lY2FhLTExZTYtOGY4OC0zNDM2M2JjN2M0YzAiOnsiY3JlYXRlIjoxODAwMDAwMDAwMDAwLCJkZWxldGUiOjE4MDAwMDAwMDAwMDAsInJlYWQiOjMwMDAwMDAwMDAwMCwidXBkYXRlIjoxODAwMDAwMDAwMDAwfX0=",
          "dependencies": [
            "module.vnets.azurerm_virtual_network.master"
          ]
        }
      ]
    },
    {
      "module": "module.vnets[\"spoke\"]",
      "mode": "managed",
      "type": "azurerm_virtual_network",
      "name": "master",
      "provider": "provider[\"registry.terraform.io/hashicorp/azurerm\"]",
      "instances": [
        {
          "schema_version": 0,
          "attributes": {
            "address_space": [
              "10.2.0.0/24"
            ],
            "bgp_community": "",
            "ddos_protection_plan": [],
            "dns_servers": [],
            "edge_zone": "",
            "encryption": [],
            "flow_timeout_in_minutes": 0,
            "guid": "a7212401-fe26-4ef0-92a4-038305e766fd",
            "id": "/subscriptions/c5d35f87-827d-4224-85d9-a5fac1b90b9b/resourceGroups/rg_spoke_gerry/providers/Microsoft.Network/virtualNetworks/vnet_spoke",
            "location": "eastus",
            "name": "vnet_spoke",
            "private_endpoint_vnet_policies": "Disabled",
            "resource_group_name": "rg_spoke_gerry",
            "subnet": [
              {
                "address_prefixes": [
                  "10.2.0.0/29"
                ],
                "default_outbound_access_enabled": true,
                "delegation": [
                  {
                    "name": "delegation",
                    "service_delegation": [
                      {
                        "actions": [
                          "Microsoft.Network/virtualNetworks/subnets/join/action"
                        ],
                        "name": "Microsoft.DBforMySQL/flexibleServers"
                      }
                    ]
                  }
                ],
                "id": "/subscriptions/c5d35f87-827d-4224-85d9-a5fac1b90b9b/resourceGroups/rg_spoke_gerry/providers/Microsoft.Network/virtualNetworks/vnet_spoke/subnets/snet-mysql",
                "name": "snet-mysql",
                "private_endpoint_network_policies": "Disabled",
                "private_link_service_network_policies_enabled": true,
                "route_table_id": "",
                "security_group": "",
                "service_endpoint_policy_ids": [],
                "service_endpoints": []
              },
              {
                "address_prefixes": [
                  "10.2.0.16/28"
                ],
                "default_outbound_access_enabled": true,
                "delegation": [],
                "id": "/subscriptions/c5d35f87-827d-4224-85d9-a5fac1b90b9b/resourceGroups/rg_spoke_gerry/providers/Microsoft.Network/virtualNetworks/vnet_spoke/subnets/aksclustersubnet",
                "name": "aksclustersubnet",
                "private_endpoint_network_policies": "Disabled",
                "private_link_service_network_policies_enabled": true,
                "route_table_id": "",
                "security_group": "",
                "service_endpoint_policy_ids": [],
                "service_endpoints": []
              },
              {
                "address_prefixes": [
                  "10.2.0.32/28"
                ],
                "default_outbound_access_enabled": true,
                "delegation": [],
                "id": "/subscriptions/c5d35f87-827d-4224-85d9-a5fac1b90b9b/resourceGroups/rg_spoke_gerry/providers/Microsoft.Network/virtualNetworks/vnet_spoke/subnets/appgatewaysubnet",
                "name": "appgatewaysubnet",
                "private_endpoint_network_policies": "Disabled",
                "private_link_service_network_policies_enabled": true,
                "route_table_id": "",
                "security_group": "",
                "service_endpoint_policy_ids": [],
                "service_endpoints": []
              },
              {
                "address_prefixes": [
                  "10.2.0.8/29"
                ],
                "default_outbound_access_enabled": true,
                "delegation": [],
                "id": "/subscriptions/c5d35f87-827d-4224-85d9-a5fac1b90b9b/resourceGroups/rg_spoke_gerry/providers/Microsoft.Network/virtualNetworks/vnet_spoke/subnets/keyvaultsubnet",
                "name": "keyvaultsubnet",
                "private_endpoint_network_policies": "Disabled",
                "private_link_service_network_policies_enabled": true,
                "route_table_id": "",
                "security_group": "",
                "service_endpoint_policy_ids": [],
                "service_endpoints": []
              }
            ],
            "tags": {
              "CreatedOnDate": "2025-01-18T19:45:41.0773370Z",
              "Creator-AutoApplied": "gerardo.rodriguez@3cloudsolutions.com",
              "LastUpdated": "2025-01-18T19:45:46.2290017Z",
              "archuuid": "00cc9898-37f0-4cc5-856b-a629f2294918",
              "env": "Test"
            },
            "timeouts": null
          },
          "sensitive_attributes": [],
          "private": "eyJlMmJmYjczMC1lY2FhLTExZTYtOGY4OC0zNDM2M2JjN2M0YzAiOnsiY3JlYXRlIjoxODAwMDAwMDAwMDAwLCJkZWxldGUiOjE4MDAwMDAwMDAwMDAsInJlYWQiOjMwMDAwMDAwMDAwMCwidXBkYXRlIjoxODAwMDAwMDAwMDAwfX0="
        }
      ]
    },
    {
      "module": "module.vnets[\"spoke2\"]",
      "mode": "managed",
      "type": "azurerm_virtual_network",
      "name": "master",
      "provider": "provider[\"registry.terraform.io/hashicorp/azurerm\"]",
      "instances": [
        {
          "schema_version": 0,
          "attributes": {
            "address_space": [
              "10.3.0.0/24"
            ],
            "bgp_community": "",
            "ddos_protection_plan": [],
            "dns_servers": [],
            "edge_zone": "",
            "encryption": [],
            "flow_timeout_in_minutes": 0,
            "guid": "b7ce0459-3ae9-4ab5-aa98-3bc06b4f5afb",
            "id": "/subscriptions/c5d35f87-827d-4224-85d9-a5fac1b90b9b/resourceGroups/rg_spoke2_gerry/providers/Microsoft.Network/virtualNetworks/vnet_spoke2",
            "location": "eastus",
            "name": "vnet_spoke2",
            "private_endpoint_vnet_policies": "Disabled",
            "resource_group_name": "rg_spoke2_gerry",
            "subnet": [],
            "tags": {
              "CreatedOnDate": "2025-01-18T19:45:40.8512656Z",
              "Creator-AutoApplied": "gerardo.rodriguez@3cloudsolutions.com",
              "LastUpdated": "2025-01-18T19:45:43.5356125Z",
              "archuuid": "00cc9898-37f0-4cc5-856b-a629f2294918",
              "env": "Test"
            },
            "timeouts": null
          },
          "sensitive_attributes": [],
          "private": "eyJlMmJmYjczMC1lY2FhLTExZTYtOGY4OC0zNDM2M2JjN2M0YzAiOnsiY3JlYXRlIjoxODAwMDAwMDAwMDAwLCJkZWxldGUiOjE4MDAwMDAwMDAwMDAsInJlYWQiOjMwMDAwMDAwMDAwMCwidXBkYXRlIjoxODAwMDAwMDAwMDAwfX0="
        }
      ]
    }
  ],
  "check_results": null
}
